
Microsoft Visual Studio Solution File, Format Version 12.00
# Visual Studio 2012
Project("{FAE04EC0-301F-11D3-BF4B-00C04F79EFBC}") = "Buttler", "Buttler\Buttler.csproj", "{C5B40513-51AA-4E4A-B2B5-24C742DEDD6E}"
EndProject
Global
	GlobalSection(SolutionConfigurationPlatforms) = preSolution
		Debug|Any CPU = Debug|Any CPU
		Release|Any CPU = Release|Any CPU
	EndGlobalSection
	GlobalSection(ProjectConfigurationPlatforms) = postSolution
		{C5B40513-51AA-4E4A-B2B5-24C742DEDD6E}.Debug|Any CPU.ActiveCfg = Debug|Any CPU
		{C5B40513-51AA-4E4A-B2B5-24C742DEDD6E}.Debug|Any CPU.Build.0 = Debug|Any CPU
		{C5B40513-51AA-4E4A-B2B5-24C742DEDD6E}.Release|Any CPU.ActiveCfg = Release|Any CPU
		{C5B40513-51AA-4E4A-B2B5-24C742DEDD6E}.Release|Any CPU.Build.0 = Release|Any CPU
	EndGlobalSection
	GlobalSection(SolutionProperties) = preSolution
		HideSolutionNode = FALSE
	EndGlobalSection
EndGlobal
